Microsoft Visual Studio Solution File, Format Version 12.00
# Visual Studio Version 16
VisualStudioVersion = 16.0.30011.22
MinimumVisualStudioVersion = 10.0.40219.1
Project("{9A19103F-16F7-4668-BE54-9A1E7A4F7556}") = "LiveClinic.SharedKernel", "src\LiveClinic.SharedKernel\LiveClinic.SharedKernel.csproj", "{1317BF62-6E20-4390-A168-93838A33FE0D}"
EndProject
Project("{9A19103F-16F7-4668-BE54-9A1E7A4F7556}") = "LiveClinic.SharedKernel.Infrastructure", "src\LiveClinic.SharedKernel.Infrastructure\LiveClinic.SharedKernel.Infrastructure.csproj", "{BC023A37-1753-4DCB-917C-44594D047C03}"
EndProject
Project("{9A19103F-16F7-4668-BE54-9A1E7A4F7556}") = "LiveClinic.SharedKernel.Tests", "test\LiveClinic.SharedKernel.Tests\LiveClinic.SharedKernel.Tests.csproj", "{44099DE6-967B-4BBD-8414-1BB00725E3BD}"
EndProject
Project("{9A19103F-16F7-4668-BE54-9A1E7A4F7556}") = "LiveClinic.SharedKernel.Infrastructure.Tests", "test\LiveClinic.SharedKernel.Infrastructure.Tests\LiveClinic.SharedKernel.Infrastructure.Tests.csproj", "{3A9EE180-5DB1-4398-957D-F21D0FE29129}"
EndProject
Project("{2150E333-8FDC-42A3-9474-1A3956D46DE8}") = "SharedKernel", "SharedKernel", "{DE401EFF-96DC-4EC9-A57A-B870ECF97434}"
EndProject
Project("{2150E333-8FDC-42A3-9474-1A3956D46DE8}") = "src", "src", "{EBFFA621-5312-494E-A4DE-88E98A8BC1EA}"
EndProject
Project("{2150E333-8FDC-42A3-9474-1A3956D46DE8}") = "test", "test", "{0E0E25E0-FD2E-4AC7-B7F6-7AC2AF81B132}"
EndProject
Project("{2150E333-8FDC-42A3-9474-1A3956D46DE8}") = "SharedKernel", "SharedKernel", "{AF6DB2FC-8247-4C59-9772-E93D0165CF5C}"
EndProject
Project("{2150E333-8FDC-42A3-9474-1A3956D46DE8}") = "ClinicService", "ClinicService", "{6D79FCE9-CF64-45E4-A849-BC235926F227}"
EndProject
Project("{9A19103F-16F7-4668-BE54-9A1E7A4F7556}") = "LiveClinic.ClinicManager.Core", "src\LiveClinic.Facility.Core\LiveClinic.ClinicManager.Core.csproj", "{09A97F14-ACA1-4562-B575-BFECB8F5DCC1}"
EndProject
Project("{9A19103F-16F7-4668-BE54-9A1E7A4F7556}") = "LiveClinic.ClinicManager.Core.Tests", "test\LiveClinic.Facility.Core.Tests\LiveClinic.ClinicManager.Core.Tests.csproj", "{49C86C45-6596-47FE-AB65-6B6DE6DCCDD1}"
EndProject
Project("{2150E333-8FDC-42A3-9474-1A3956D46DE8}") = "ClinicService", "ClinicService", "{B5EB9154-6B11-4010-A179-7A90DA78AFE3}"
EndProject
Project("{9A19103F-16F7-4668-BE54-9A1E7A4F7556}") = "LiveClinic.ClinicManager.Infrastructure", "src\LiveClinic.Facility.Infrastructure\LiveClinic.ClinicManager.Infrastructure.csproj", "{B930D041-3230-4D4A-926E-E8BB6B92F950}"
EndProject
Project("{9A19103F-16F7-4668-BE54-9A1E7A4F7556}") = "LiveClinic.ClinicManager.Infrastructure.Tests", "test\LiveClinic.Facility.Infrastructure.Tests\LiveClinic.ClinicManager.Infrastructure.Tests.csproj", "{EC73F907-37B8-4929-97ED-A3660603EB59}"
EndProject
Project("{2150E333-8FDC-42A3-9474-1A3956D46DE8}") = "EncounterService", "EncounterService", "{6B7BCEA8-01DA-4625-AEF4-4B34A82FEE45}"
EndProject
Project("{9A19103F-16F7-4668-BE54-9A1E7A4F7556}") = "LiveClinic.EncounterManager.Core", "src\LiveClinic.ClientManager.Core\LiveClinic.EncounterManager.Core.csproj", "{AE06DDC5-C79A-4EAA-A720-808590EEC4AF}"
EndProject
Project("{2150E333-8FDC-42A3-9474-1A3956D46DE8}") = "BillingService", "BillingService", "{002A649C-AB1D-4369-A517-55218DFFFEAB}"
EndProject
Project("{9A19103F-16F7-4668-BE54-9A1E7A4F7556}") = "LiveClinic.Billing.Core", "src\LiveClinic.Billing.Core\LiveClinic.Billing.Core.csproj", "{C988EB82-40AA-4A9B-8DBE-5ABFA16B8DCC}"
EndProject
Project("{2150E333-8FDC-42A3-9474-1A3956D46DE8}") = "BillingService", "BillingService", "{0DA34F29-7D7F-4981-B861-1A604203823E}"
EndProject
Project("{9A19103F-16F7-4668-BE54-9A1E7A4F7556}") = "LiveClinic.Billing.Core.Tests", "test\LiveClinic.Billing.Core.Tests\LiveClinic.Billing.Core.Tests.csproj", "{F08CFED0-13F0-4292-A0A3-6683AD678A7C}"
EndProject
Project("{9A19103F-16F7-4668-BE54-9A1E7A4F7556}") = "LiveClinic.Billing.Infrastructure", "src\LiveClinic.Billing.Infrastructure\LiveClinic.Billing.Infrastructure.csproj", "{E4DF6EBD-B47A-4615-B1AB-441FB9DE0CF9}"
EndProject
Project("{9A19103F-16F7-4668-BE54-9A1E7A4F7556}") = "LiveClinic.Billing.Infrastructure.Tests", "test\LiveClinic.Billing.Infrastructure.Tests\LiveClinic.Billing.Infrastructure.Tests.csproj", "{F0E81BFA-FCAE-4D0B-B2D6-6834337CBC21}"
EndProject
Project("{2150E333-8FDC-42A3-9474-1A3956D46DE8}") = "EncounterService", "EncounterService", "{B0AC6E7D-27C7-4B6E-8F8B-909EFCD315D1}"
EndProject
Project("{9A19103F-16F7-4668-BE54-9A1E7A4F7556}") = "LiveClinic.EncounterManager.Infrastructure", "src\LiveClinic.ClientManager.Infrastructure\LiveClinic.EncounterManager.Infrastructure.csproj", "{29B4C570-D953-4D12-AE2B-5EBBEB6CC5CE}"
EndProject
Project("{9A19103F-16F7-4668-BE54-9A1E7A4F7556}") = "LiveClinic.EncounterManager.Core.Tests", "test\LiveClinic.ClientManager.Core.Tests\LiveClinic.EncounterManager.Core.Tests.csproj", "{96E8C6E1-4865-4D0A-A14C-A3D5780C5B06}"
EndProject
Project("{9A19103F-16F7-4668-BE54-9A1E7A4F7556}") = "LiveClinic.EncounterManager.Infrastructure.Tests", "test\LiveClinic.ClientManager.Infrastructure.Tests\LiveClinic.EncounterManager.Infrastructure.Tests.csproj", "{E3BE8CCA-9E40-45B6-87A0-5088C26175C6}"
EndProject
Project("{9A19103F-16F7-4668-BE54-9A1E7A4F7556}") = "LiveClinic.ClinicManager", "src\LiveClinic.ClinicManager\LiveClinic.ClinicManager.csproj", "{93F53CA9-1F8F-40B2-B07B-DF1630DEA381}"
EndProject
Global
	GlobalSection(SolutionConfigurationPlatforms) = preSolution
		Debug|Any CPU = Debug|Any CPU
		Release|Any CPU = Release|Any CPU
	EndGlobalSection
	GlobalSection(ProjectConfigurationPlatforms) = postSolution
		{1317BF62-6E20-4390-A168-93838A33FE0D}.Debug|Any CPU.ActiveCfg = Debug|Any CPU
		{1317BF62-6E20-4390-A168-93838A33FE0D}.Debug|Any CPU.Build.0 = Debug|Any CPU
		{1317BF62-6E20-4390-A168-93838A33FE0D}.Release|Any CPU.ActiveCfg = Release|Any CPU
		{1317BF62-6E20-4390-A168-93838A33FE0D}.Release|Any CPU.Build.0 = Release|Any CPU
		{BC023A37-1753-4DCB-917C-44594D047C03}.Debug|Any CPU.ActiveCfg = Debug|Any CPU
		{BC023A37-1753-4DCB-917C-44594D047C03}.Debug|Any CPU.Build.0 = Debug|Any CPU
		{BC023A37-1753-4DCB-917C-44594D047C03}.Release|Any CPU.ActiveCfg = Release|Any CPU
		{BC023A37-1753-4DCB-917C-44594D047C03}.Release|Any CPU.Build.0 = Release|Any CPU
		{44099DE6-967B-4BBD-8414-1BB00725E3BD}.Debug|Any CPU.ActiveCfg = Debug|Any CPU
		{44099DE6-967B-4BBD-8414-1BB00725E3BD}.Debug|Any CPU.Build.0 = Debug|Any CPU
		{44099DE6-967B-4BBD-8414-1BB00725E3BD}.Release|Any CPU.ActiveCfg = Release|Any CPU
		{44099DE6-967B-4BBD-8414-1BB00725E3BD}.Release|Any CPU.Build.0 = Release|Any CPU
		{3A9EE180-5DB1-4398-957D-F21D0FE29129}.Debug|Any CPU.ActiveCfg = Debug|Any CPU
		{3A9EE180-5DB1-4398-957D-F21D0FE29129}.Debug|Any CPU.Build.0 = Debug|Any CPU
		{3A9EE180-5DB1-4398-957D-F21D0FE29129}.Release|Any CPU.ActiveCfg = Release|Any CPU
		{3A9EE180-5DB1-4398-957D-F21D0FE29129}.Release|Any CPU.Build.0 = Release|Any CPU
		{09A97F14-ACA1-4562-B575-BFECB8F5DCC1}.Debug|Any CPU.ActiveCfg = Debug|Any CPU
		{09A97F14-ACA1-4562-B575-BFECB8F5DCC1}.Debug|Any CPU.Build.0 = Debug|Any CPU
		{09A97F14-ACA1-4562-B575-BFECB8F5DCC1}.Release|Any CPU.ActiveCfg = Release|Any CPU
		{09A97F14-ACA1-4562-B575-BFECB8F5DCC1}.Release|Any CPU.Build.0 = Release|Any CPU
		{49C86C45-6596-47FE-AB65-6B6DE6DCCDD1}.Debug|Any CPU.ActiveCfg = Debug|Any CPU
		{49C86C45-6596-47FE-AB65-6B6DE6DCCDD1}.Debug|Any CPU.Build.0 = Debug|Any CPU
		{49C86C45-6596-47FE-AB65-6B6DE6DCCDD1}.Release|Any CPU.ActiveCfg = Release|Any CPU
		{49C86C45-6596-47FE-AB65-6B6DE6DCCDD1}.Release|Any CPU.Build.0 = Release|Any CPU
		{B930D041-3230-4D4A-926E-E8BB6B92F950}.Debug|Any CPU.ActiveCfg = Debug|Any CPU
		{B930D041-3230-4D4A-926E-E8BB6B92F950}.Debug|Any CPU.Build.0 = Debug|Any CPU
		{B930D041-3230-4D4A-926E-E8BB6B92F950}.Release|Any CPU.ActiveCfg = Release|Any CPU
		{B930D041-3230-4D4A-926E-E8BB6B92F950}.Release|Any CPU.Build.0 = Release|Any CPU
		{EC73F907-37B8-4929-97ED-A3660603EB59}.Debug|Any CPU.ActiveCfg = Debug|Any CPU
		{EC73F907-37B8-4929-97ED-A3660603EB59}.Debug|Any CPU.Build.0 = Debug|Any CPU
		{EC73F907-37B8-4929-97ED-A3660603EB59}.Release|Any CPU.ActiveCfg = Release|Any CPU
		{EC73F907-37B8-4929-97ED-A3660603EB59}.Release|Any CPU.Build.0 = Release|Any CPU
		{AE06DDC5-C79A-4EAA-A720-808590EEC4AF}.Debug|Any CPU.ActiveCfg = Debug|Any CPU
		{AE06DDC5-C79A-4EAA-A720-808590EEC4AF}.Debug|Any CPU.Build.0 = Debug|Any CPU
		{AE06DDC5-C79A-4EAA-A720-808590EEC4AF}.Release|Any CPU.ActiveCfg = Release|Any CPU
		{AE06DDC5-C79A-4EAA-A720-808590EEC4AF}.Release|Any CPU.Build.0 = Release|Any CPU
		{C988EB82-40AA-4A9B-8DBE-5ABFA16B8DCC}.Debug|Any CPU.ActiveCfg = Debug|Any CPU
		{C988EB82-40AA-4A9B-8DBE-5ABFA16B8DCC}.Debug|Any CPU.Build.0 = Debug|Any CPU
		{C988EB82-40AA-4A9B-8DBE-5ABFA16B8DCC}.Release|Any CPU.ActiveCfg = Release|Any CPU
		{C988EB82-40AA-4A9B-8DBE-5ABFA16B8DCC}.Release|Any CPU.Build.0 = Release|Any CPU
		{F08CFED0-13F0-4292-A0A3-6683AD678A7C}.Debug|Any CPU.ActiveCfg = Debug|Any CPU
		{F08CFED0-13F0-4292-A0A3-6683AD678A7C}.Debug|Any CPU.Build.0 = Debug|Any CPU
		{F08CFED0-13F0-4292-A0A3-6683AD678A7C}.Release|Any CPU.ActiveCfg = Release|Any CPU
		{F08CFED0-13F0-4292-A0A3-6683AD678A7C}.Release|Any CPU.Build.0 = Release|Any CPU
		{E4DF6EBD-B47A-4615-B1AB-441FB9DE0CF9}.Debug|Any CPU.ActiveCfg = Debug|Any CPU
		{E4DF6EBD-B47A-4615-B1AB-441FB9DE0CF9}.Debug|Any CPU.Build.0 = Debug|Any CPU
		{E4DF6EBD-B47A-4615-B1AB-441FB9DE0CF9}.Release|Any CPU.ActiveCfg = Release|Any CPU
		{E4DF6EBD-B47A-4615-B1AB-441FB9DE0CF9}.Release|Any CPU.Build.0 = Release|Any CPU
		{F0E81BFA-FCAE-4D0B-B2D6-6834337CBC21}.Debug|Any CPU.ActiveCfg = Debug|Any CPU
		{F0E81BFA-FCAE-4D0B-B2D6-6834337CBC21}.Debug|Any CPU.Build.0 = Debug|Any CPU
		{F0E81BFA-FCAE-4D0B-B2D6-6834337CBC21}.Release|Any CPU.ActiveCfg = Release|Any CPU
		{F0E81BFA-FCAE-4D0B-B2D6-6834337CBC21}.Release|Any CPU.Build.0 = Release|Any CPU
		{29B4C570-D953-4D12-AE2B-5EBBEB6CC5CE}.Debug|Any CPU.ActiveCfg = Debug|Any CPU
		{29B4C570-D953-4D12-AE2B-5EBBEB6CC5CE}.Debug|Any CPU.Build.0 = Debug|Any CPU
		{29B4C570-D953-4D12-AE2B-5EBBEB6CC5CE}.Release|Any CPU.ActiveCfg = Release|Any CPU
		{29B4C570-D953-4D12-AE2B-5EBBEB6CC5CE}.Release|Any CPU.Build.0 = Release|Any CPU
		{96E8C6E1-4865-4D0A-A14C-A3D5780C5B06}.Debug|Any CPU.ActiveCfg = Debug|Any CPU
		{96E8C6E1-4865-4D0A-A14C-A3D5780C5B06}.Debug|Any CPU.Build.0 = Debug|Any CPU
		{96E8C6E1-4865-4D0A-A14C-A3D5780C5B06}.Release|Any CPU.ActiveCfg = Release|Any CPU
		{96E8C6E1-4865-4D0A-A14C-A3D5780C5B06}.Release|Any CPU.Build.0 = Release|Any CPU
		{E3BE8CCA-9E40-45B6-87A0-5088C26175C6}.Debug|Any CPU.ActiveCfg = Debug|Any CPU
		{E3BE8CCA-9E40-45B6-87A0-5088C26175C6}.Debug|Any CPU.Build.0 = Debug|Any CPU
		{E3BE8CCA-9E40-45B6-87A0-5088C26175C6}.Release|Any CPU.ActiveCfg = Release|Any CPU
		{E3BE8CCA-9E40-45B6-87A0-5088C26175C6}.Release|Any CPU.Build.0 = Release|Any CPU
		{93F53CA9-1F8F-40B2-B07B-DF1630DEA381}.Debug|Any CPU.ActiveCfg = Debug|Any CPU
		{93F53CA9-1F8F-40B2-B07B-DF1630DEA381}.Debug|Any CPU.Build.0 = Debug|Any CPU
		{93F53CA9-1F8F-40B2-B07B-DF1630DEA381}.Release|Any CPU.ActiveCfg = Release|Any CPU
		{93F53CA9-1F8F-40B2-B07B-DF1630DEA381}.Release|Any CPU.Build.0 = Release|Any CPU
	EndGlobalSection
	GlobalSection(SolutionProperties) = preSolution
		HideSolutionNode = FALSE
	EndGlobalSection
	GlobalSection(NestedProjects) = preSolution
		{1317BF62-6E20-4390-A168-93838A33FE0D} = {DE401EFF-96DC-4EC9-A57A-B870ECF97434}
		{BC023A37-1753-4DCB-917C-44594D047C03} = {DE401EFF-96DC-4EC9-A57A-B870ECF97434}
		{44099DE6-967B-4BBD-8414-1BB00725E3BD} = {AF6DB2FC-8247-4C59-9772-E93D0165CF5C}
		{3A9EE180-5DB1-4398-957D-F21D0FE29129} = {AF6DB2FC-8247-4C59-9772-E93D0165CF5C}
		{DE401EFF-96DC-4EC9-A57A-B870ECF97434} = {EBFFA621-5312-494E-A4DE-88E98A8BC1EA}
		{AF6DB2FC-8247-4C59-9772-E93D0165CF5C} = {0E0E25E0-FD2E-4AC7-B7F6-7AC2AF81B132}
		{6D79FCE9-CF64-45E4-A849-BC235926F227} = {EBFFA621-5312-494E-A4DE-88E98A8BC1EA}
		{09A97F14-ACA1-4562-B575-BFECB8F5DCC1} = {6D79FCE9-CF64-45E4-A849-BC235926F227}
		{49C86C45-6596-47FE-AB65-6B6DE6DCCDD1} = {B5EB9154-6B11-4010-A179-7A90DA78AFE3}
		{B5EB9154-6B11-4010-A179-7A90DA78AFE3} = {0E0E25E0-FD2E-4AC7-B7F6-7AC2AF81B132}
		{B930D041-3230-4D4A-926E-E8BB6B92F950} = {6D79FCE9-CF64-45E4-A849-BC235926F227}
		{EC73F907-37B8-4929-97ED-A3660603EB59} = {B5EB9154-6B11-4010-A179-7A90DA78AFE3}
		{6B7BCEA8-01DA-4625-AEF4-4B34A82FEE45} = {EBFFA621-5312-494E-A4DE-88E98A8BC1EA}
		{AE06DDC5-C79A-4EAA-A720-808590EEC4AF} = {6B7BCEA8-01DA-4625-AEF4-4B34A82FEE45}
		{002A649C-AB1D-4369-A517-55218DFFFEAB} = {EBFFA621-5312-494E-A4DE-88E98A8BC1EA}
		{C988EB82-40AA-4A9B-8DBE-5ABFA16B8DCC} = {002A649C-AB1D-4369-A517-55218DFFFEAB}
		{0DA34F29-7D7F-4981-B861-1A604203823E} = {0E0E25E0-FD2E-4AC7-B7F6-7AC2AF81B132}
		{F08CFED0-13F0-4292-A0A3-6683AD678A7C} = {0DA34F29-7D7F-4981-B861-1A604203823E}
		{E4DF6EBD-B47A-4615-B1AB-441FB9DE0CF9} = {002A649C-AB1D-4369-A517-55218DFFFEAB}
		{F0E81BFA-FCAE-4D0B-B2D6-6834337CBC21} = {0DA34F29-7D7F-4981-B861-1A604203823E}
		{B0AC6E7D-27C7-4B6E-8F8B-909EFCD315D1} = {0E0E25E0-FD2E-4AC7-B7F6-7AC2AF81B132}
		{29B4C570-D953-4D12-AE2B-5EBBEB6CC5CE} = {6B7BCEA8-01DA-4625-AEF4-4B34A82FEE45}
		{96E8C6E1-4865-4D0A-A14C-A3D5780C5B06} = {B0AC6E7D-27C7-4B6E-8F8B-909EFCD315D1}
		{E3BE8CCA-9E40-45B6-87A0-5088C26175C6} = {B0AC6E7D-27C7-4B6E-8F8B-909EFCD315D1}
		{93F53CA9-1F8F-40B2-B07B-DF1630DEA381} = {6D79FCE9-CF64-45E4-A849-BC235926F227}
	EndGlobalSection
	GlobalSection(ExtensibilityGlobals) = postSolution
		SolutionGuid = {238261D7-86B7-4BF8-94BB-F3024DA54982}
	EndGlobalSection
EndGlobal
